
Microsoft Visual Studio Solution File, Format Version 12.00
# Visual Studio Version 17
VisualStudioVersion = 17.3.32811.315
MinimumVisualStudioVersion = 10.0.40219.1
Project("{9A19103F-16F7-4668-BE54-9A1E7A4F7556}") = "CarsShop", "CarsShop\CarsShop.csproj", "{C663A5D2-07E7-4CCA-B3FA-7CCD2D68D8A6}"
EndProject
Project("{9A19103F-16F7-4668-BE54-9A1E7A4F7556}") = "CarsShop.DAL", "CarsShop.DAL\CarsShop.DAL.csproj", "{C51AF076-569D-4EFA-B39B-AF9BB547E011}"
EndProject
Project("{FAE04EC0-301F-11D3-BF4B-00C04F79EFBC}") = "CarsShop.BLL", "CarsShop.BLL\CarsShop.BLL.csproj", "{D79EAFD4-719E-462E-BDD6-EE0692D6ECC8}"
EndProject
Global
	GlobalSection(SolutionConfigurationPlatforms) = preSolution
		Debug|Any CPU = Debug|Any CPU
		Release|Any CPU = Release|Any CPU
	EndGlobalSection
	GlobalSection(ProjectConfigurationPlatforms) = postSolution
		{C663A5D2-07E7-4CCA-B3FA-7CCD2D68D8A6}.Debug|Any CPU.ActiveCfg = Debug|Any CPU
		{C663A5D2-07E7-4CCA-B3FA-7CCD2D68D8A6}.Debug|Any CPU.Build.0 = Debug|Any CPU
		{C663A5D2-07E7-4CCA-B3FA-7CCD2D68D8A6}.Release|Any CPU.ActiveCfg = Release|Any CPU
		{C663A5D2-07E7-4CCA-B3FA-7CCD2D68D8A6}.Release|Any CPU.Build.0 = Release|Any CPU
		{C51AF076-569D-4EFA-B39B-AF9BB547E011}.Debug|Any CPU.ActiveCfg = Debug|Any CPU
		{C51AF076-569D-4EFA-B39B-AF9BB547E011}.Debug|Any CPU.Build.0 = Debug|Any CPU
		{C51AF076-569D-4EFA-B39B-AF9BB547E011}.Release|Any CPU.ActiveCfg = Release|Any CPU
		{C51AF076-569D-4EFA-B39B-AF9BB547E011}.Release|Any CPU.Build.0 = Release|Any CPU
		{D79EAFD4-719E-462E-BDD6-EE0692D6ECC8}.Debug|Any CPU.ActiveCfg = Debug|Any CPU
		{D79EAFD4-719E-462E-BDD6-EE0692D6ECC8}.Debug|Any CPU.Build.0 = Debug|Any CPU
		{D79EAFD4-719E-462E-BDD6-EE0692D6ECC8}.Release|Any CPU.ActiveCfg = Release|Any CPU
		{D79EAFD4-719E-462E-BDD6-EE0692D6ECC8}.Release|Any CPU.Build.0 = Release|Any CPU
	EndGlobalSection
	GlobalSection(SolutionProperties) = preSolution
		HideSolutionNode = FALSE
	EndGlobalSection
	GlobalSection(ExtensibilityGlobals) = postSolution
		SolutionGuid = {78AD50E2-E350-46E1-8DBE-3735475D3017}
	EndGlobalSection
EndGlobal
